
Microsoft Visual Studio Solution File, Format Version 12.00
# Visual Studio Version 17
VisualStudioVersion = 17.9.34723.18
MinimumVisualStudioVersion = 10.0.40219.1
Project("{FAE04EC0-301F-11D3-BF4B-00C04F79EFBC}") = "Atv-Eletrodomesticos", "Atv-Eletrodomesticos\Atv-Eletrodomesticos.csproj", "{BEE83ED4-6426-41CD-A0FE-E4EBC2AD200E}"
EndProject
Global
	GlobalSection(SolutionConfigurationPlatforms) = preSolution
		Debug|Any CPU = Debug|Any CPU
		Release|Any CPU = Release|Any CPU
	EndGlobalSection
	GlobalSection(ProjectConfigurationPlatforms) = postSolution
		{BEE83ED4-6426-41CD-A0FE-E4EBC2AD200E}.Debug|Any CPU.ActiveCfg = Debug|Any CPU
		{BEE83ED4-6426-41CD-A0FE-E4EBC2AD200E}.Debug|Any CPU.Build.0 = Debug|Any CPU
		{BEE83ED4-6426-41CD-A0FE-E4EBC2AD200E}.Release|Any CPU.ActiveCfg = Release|Any CPU
		{BEE83ED4-6426-41CD-A0FE-E4EBC2AD200E}.Release|Any CPU.Build.0 = Release|Any CPU
	EndGlobalSection
	GlobalSection(SolutionProperties) = preSolution
		HideSolutionNode = FALSE
	EndGlobalSection
	GlobalSection(ExtensibilityGlobals) = postSolution
		SolutionGuid = {A3C06D9D-4FD7-40C3-A5F1-BA47A0EE70F9}
	EndGlobalSection
EndGlobal
